{
  "requires": true,
  "lockfileVersion": 1,
  "dependencies": {
    "@babel/code-frame": {
      "version": "7.0.0-rc.4",
      "resolved": "http://registry.npm.taobao.org/@babel/code-frame/download/@babel/code-frame-7.0.0-rc.4.tgz",
      "integrity": "sha1-4V47oRk7u41HTCRERr/9jG+ARVY=",
      "requires": {
        "@babel/highlight": "^7.0.0-rc.4"
      }
    },
    "@babel/core": {
      "version": "7.0.0-rc.4",
      "resolved": "http://registry.npm.taobao.org/@babel/core/download/@babel/core-7.0.0-rc.4.tgz",
      "integrity": "sha1-hQ+zbui1UOXG3MVit1P3h1ovAu8=",
      "requires": {
        "@babel/code-frame": "^7.0.0-rc.4",
        "@babel/generator": "^7.0.0-rc.4",
        "@babel/helpers": "^7.0.0-rc.4",
        "@babel/parser": "^7.0.0-rc.4",
        "@babel/template": "^7.0.0-rc.4",
        "@babel/traverse": "^7.0.0-rc.4",
        "@babel/types": "^7.0.0-rc.4",
        "convert-source-map": "^1.1.0",
        "debug": "^3.1.0",
        "json5": "^0.5.0",
        "lodash": "^4.17.10",
        "resolve": "^1.3.2",
        "semver": "^5.4.1",
        "source-map": "^0.5.0"
      }
    },
    "@babel/generator": {
      "version": "7.0.0-rc.4",
      "resolved": "http://registry.npm.taobao.org/@babel/generator/download/@babel/generator-7.0.0-rc.4.tgz",
      "integrity": "sha1-j57njbKK4yJfXBQyZt0hEmL+vF8=",
      "requires": {
        "@babel/types": "^7.0.0-rc.4",
        "jsesc": "^2.5.1",
        "lodash": "^4.17.10",
        "source-map": "^0.5.0",
        "trim-right": "^1.0.1"
      }
    },
    "@babel/helper-function-name": {
      "version": "7.0.0-rc.4",
      "resolved": "http://registry.npm.taobao.org/@babel/helper-function-name/download/@babel/helper-function-name-7.0.0-rc.4.tgz",
      "integrity": "sha1-FhIwjvcN15OTBkvHv6JTEGQHioo=",
      "requires": {
        "@babel/helper-get-function-arity": "^7.0.0-rc.4",
        "@babel/template": "^7.0.0-rc.4",
        "@babel/types": "^7.0.0-rc.4"
      }
    },
    "@babel/helper-get-function-arity": {
      "version": "7.0.0-rc.4",
      "resolved": "http://registry.npm.taobao.org/@babel/helper-get-function-arity/download/@babel/helper-get-function-arity-7.0.0-rc.4.tgz",
      "integrity": "sha1-boeT7yJ5bRLPMlwUtDsQaYBY/CM=",
      "requires": {
        "@babel/types": "^7.0.0-rc.4"
      }
    },
    "@babel/helper-split-export-declaration": {
      "version": "7.0.0-rc.4",
      "resolved": "http://registry.npm.taobao.org/@babel/helper-split-export-declaration/download/@babel/helper-split-export-declaration-7.0.0-rc.4.tgz",
      "integrity": "sha1-YBC/tdsnhQcKzpazlNczgquhYDs=",
      "requires": {
        "@babel/types": "^7.0.0-rc.4"
      }
    },
    "@babel/helpers": {
      "version": "7.0.0-rc.4",
      "resolved": "http://registry.npm.taobao.org/@babel/helpers/download/@babel/helpers-7.0.0-rc.4.tgz",
      "integrity": "sha1-ATRsE4dX0LATEmTK9wbQ1rLU+0I=",
      "requires": {
        "@babel/template": "^7.0.0-rc.4",
        "@babel/traverse": "^7.0.0-rc.4",
        "@babel/types": "^7.0.0-rc.4"
      }
    },
    "@babel/highlight": {
      "version": "7.0.0-rc.4",
      "resolved": "http://registry.npm.taobao.org/@babel/highlight/download/@babel/highlight-7.0.0-rc.4.tgz",
      "integrity": "sha1-Y/tWch4IoWbmaT69WrA6CLyzcMs=",
      "requires": {
        "chalk": "^2.0.0",
        "esutils": "^2.0.2",
        "js-tokens": "^4.0.0"
      }
    },
    "@babel/parser": {
      "version": "7.0.0-rc.4",
      "resolved": "http://registry.npm.taobao.org/@babel/parser/download/@babel/parser-7.0.0-rc.4.tgz",
      "integrity": "sha1-xcdz3yVU12yfwKNxHBgQn84/VPU="
    },
    "@babel/template": {
      "version": "7.0.0-rc.4",
      "resolved": "http://registry.npm.taobao.org/@babel/template/download/@babel/template-7.0.0-rc.4.tgz",
      "integrity": "sha1-aVttm/kOwZP9kNUzp7izuQTyHq4=",
      "requires": {
        "@babel/code-frame": "^7.0.0-rc.4",
        "@babel/parser": "^7.0.0-rc.4",
        "@babel/types": "^7.0.0-rc.4"
      }
    },
    "@babel/traverse": {
      "version": "7.0.0-rc.4",
      "resolved": "http://registry.npm.taobao.org/@babel/traverse/download/@babel/traverse-7.0.0-rc.4.tgz",
      "integrity": "sha1-Qtkep/eFUVSW4aHh9feeOfix/hQ=",
      "requires": {
        "@babel/code-frame": "^7.0.0-rc.4",
        "@babel/generator": "^7.0.0-rc.4",
        "@babel/helper-function-name": "^7.0.0-rc.4",
        "@babel/helper-split-export-declaration": "^7.0.0-rc.4",
        "@babel/parser": "^7.0.0-rc.4",
        "@babel/types": "^7.0.0-rc.4",
        "debug": "^3.1.0",
        "globals": "^11.1.0",
        "lodash": "^4.17.10"
      }
    },
    "@babel/types": {
      "version": "7.0.0-rc.4",
      "resolved": "http://registry.npm.taobao.org/@babel/types/download/@babel/types-7.0.0-rc.4.tgz",
      "integrity": "sha1-ME27kJf63NNaWaU4WaC0xRkYazg=",
      "requires": {
        "esutils": "^2.0.2",
        "lodash": "^4.17.10",
        "to-fast-properties": "^2.0.0"
      }
    },
    "@types/json5": {
      "version": "0.0.29",
      "resolved": "http://registry.npm.taobao.org/@types/json5/download/@types/json5-0.0.29.tgz",
      "integrity": "sha1-7ihweulOEdK4J7y+UnC86n8+ce4="
    },
    "ansi-styles": {
      "version": "3.2.1",
      "resolved": "http://registry.npm.taobao.org/ansi-styles/download/ansi-styles-3.2.1.tgz",
      "integrity": "sha1-QfuyAkPlCxK+DwS43tvwdSDOhB0=",
      "requires": {
        "color-convert": "^1.9.0"
      }
    },
    "arrify": {
      "version": "1.0.1",
      "resolved": "http://registry.npm.taobao.org/arrify/download/arrify-1.0.1.tgz",
      "integrity": "sha1-iYUI2iIm84DfkEcoRWhJwVAaSw0="
    },
    "buffer-from": {
      "version": "1.1.1",
      "resolved": "http://registry.npm.taobao.org/buffer-from/download/buffer-from-1.1.1.tgz",
      "integrity": "sha1-MnE7wCj3XAL9txDXx7zsHyxgcO8="
    },
    "chalk": {
      "version": "2.4.1",
      "resolved": "http://registry.npm.taobao.org/chalk/download/chalk-2.4.1.tgz",
      "integrity": "sha1-GMSasWoDe26wFSzIPjRxM4IVtm4=",
      "requires": {
        "ansi-styles": "^3.2.1",
        "escape-string-regexp": "^1.0.5",
        "supports-color": "^5.3.0"
      }
    },
    "color-convert": {
      "version": "1.9.2",
      "resolved": "http://registry.npm.taobao.org/color-convert/download/color-convert-1.9.2.tgz",
      "integrity": "sha1-SYgbj7pn3xKpa98/VsCqueeRMUc=",
      "requires": {
        "color-name": "1.1.1"
      }
    },
    "color-name": {
      "version": "1.1.1",
      "resolved": "http://registry.npm.taobao.org/color-name/download/color-name-1.1.1.tgz",
      "integrity": "sha1-SxQVMEz1ACjqgWQ2Q72C6gWANok="
    },
    "convert-source-map": {
      "version": "1.5.1",
      "resolved": "http://registry.npm.taobao.org/convert-source-map/download/convert-source-map-1.5.1.tgz",
      "integrity": "sha1-uCeAl7m8IpNl3lxiz1/K7YtVmeU="
    },
    "debug": {
      "version": "3.1.0",
      "resolved": "http://registry.npm.taobao.org/debug/download/debug-3.1.0.tgz",
      "integrity": "sha1-W7WgZyYotkFJVmuhaBnmFRjGcmE=",
      "requires": {
        "ms": "2.0.0"
      }
    },
    "deepmerge": {
      "version": "2.1.1",
      "resolved": "http://registry.npm.taobao.org/deepmerge/download/deepmerge-2.1.1.tgz",
      "integrity": "sha1-6GK05F6gVVByv1Hn/Q2YRRcK52g="
    },
    "diff": {
      "version": "3.5.0",
      "resolved": "http://registry.npm.taobao.org/diff/download/diff-3.5.0.tgz",
      "integrity": "sha1-gAwN0eCov7yVg1wgKtIg/jF+WhI="
    },
    "escape-string-regexp": {
      "version": "1.0.5",
      "resolved": "http://registry.npm.taobao.org/escape-string-regexp/download/escape-string-regexp-1.0.5.tgz",
      "integrity": "sha1-G2HAViGQqN/2rjuyzwIAyhMLhtQ="
    },
    "esutils": {
      "version": "2.0.2",
      "resolved": "http://registry.npm.taobao.org/esutils/download/esutils-2.0.2.tgz",
      "integrity": "sha1-Cr9PHKpbyx96nYrMbepPqqBLrJs="
    },
    "globals": {
      "version": "11.7.0",
      "resolved": "http://registry.npm.taobao.org/globals/download/globals-11.7.0.tgz",
      "integrity": "sha1-pYP6pDBVsayncZFL9oJY4vwSVnM="
    },
    "has-flag": {
      "version": "3.0.0",
      "resolved": "http://registry.npm.taobao.org/has-flag/download/has-flag-3.0.0.tgz",
      "integrity": "sha1-tdRU3CGZriJWmfNGfloH87lVuv0="
    },
    "js-tokens": {
      "version": "4.0.0",
      "resolved": "http://registry.npm.taobao.org/js-tokens/download/js-tokens-4.0.0.tgz",
      "integrity": "sha1-GSA/tZmR35jjoocFDUZHzerzJJk="
    },
    "jsesc": {
      "version": "2.5.1",
      "resolved": "http://registry.npm.taobao.org/jsesc/download/jsesc-2.5.1.tgz",
      "integrity": "sha1-5CGiqOINawgZ3yiQj3glJrlt0f4="
    },
    "json5": {
      "version": "0.5.1",
      "resolved": "http://registry.npm.taobao.org/json5/download/json5-0.5.1.tgz",
      "integrity": "sha1-Hq3nrMASA0rYTiOWdn6tn6VJWCE="
    },
    "lodash": {
      "version": "4.17.10",
      "resolved": "http://registry.npm.taobao.org/lodash/download/lodash-4.17.10.tgz",
      "integrity": "sha1-G3eTz3JZ6jj7NmHU04syYK+K5Oc="
    },
    "make-error": {
      "version": "1.3.4",
      "resolved": "http://registry.npm.taobao.org/make-error/download/make-error-1.3.4.tgz",
      "integrity": "sha1-GZeO1XX56VRdL/jBPjO10Ypn1TU="
    },
    "minimist": {
      "version": "1.2.0",
      "resolved": "http://registry.npm.taobao.org/minimist/download/minimist-1.2.0.tgz",
      "integrity": "sha1-o1AIsg9BOD7sH7kU9M1d95omQoQ="
    },
    "mkdirp": {
      "version": "0.5.1",
      "resolved": "http://registry.npm.taobao.org/mkdirp/download/mkdirp-0.5.1.tgz",
      "integrity": "sha1-MAV0OOrGz3+MR2fzhkjWaX11yQM=",
      "requires": {
        "minimist": "0.0.8"
      },
      "dependencies": {
        "minimist": {
          "version": "0.0.8",
          "resolved": "http://registry.npm.taobao.org/minimist/download/minimist-0.0.8.tgz",
          "integrity": "sha1-hX/Kv8M5fSYluCKCYuhqp6ARsF0="
        }
      }
    },
    "ms": {
      "version": "2.0.0",
      "resolved": "http://registry.npm.taobao.org/ms/download/ms-2.0.0.tgz",
      "integrity": "sha1-VgiurfwAvmwpAd9fmGF4jeDVl8g="
    },
    "node-fetch": {
      "version": "2.2.0",
      "resolved": "http://registry.npm.taobao.org/node-fetch/download/node-fetch-2.2.0.tgz",
      "integrity": "sha1-Tueb3pCSYvl3X3MeNlbQ21XO1bU="
    },
    "path-parse": {
      "version": "1.0.6",
      "resolved": "http://registry.npm.taobao.org/path-parse/download/path-parse-1.0.6.tgz",
      "integrity": "sha1-1i27VnlAXXLEc37FhgDp3c8G0kw="
    },
    "resolve": {
      "version": "1.8.1",
      "resolved": "http://registry.npm.taobao.org/resolve/download/resolve-1.8.1.tgz",
      "integrity": "sha1-gvHsGaQjrB+9CAsLqwa6NuhKeiY=",
      "requires": {
        "path-parse": "^1.0.5"
      }
    },
    "semver": {
      "version": "5.5.1",
      "resolved": "http://registry.npm.taobao.org/semver/download/semver-5.5.1.tgz",
      "integrity": "sha1-ff3YgUvbfKvHvg+x1zTPtmyUBHc="
    },
    "source-map": {
      "version": "0.5.7",
      "resolved": "http://registry.npm.taobao.org/source-map/download/source-map-0.5.7.tgz",
      "integrity": "sha1-igOdLRAh0i0eoUyA2OpGi6LvP8w="
    },
    "source-map-support": {
      "version": "0.5.9",
      "resolved": "http://registry.npm.taobao.org/source-map-support/download/source-map-support-0.5.9.tgz",
      "integrity": "sha1-QbyVOyU0Jn6i1gW8z6e/oxEc7V8=",
      "requires": {
        "buffer-from": "^1.0.0",
        "source-map": "^0.6.0"
      },
      "dependencies": {
        "source-map": {
          "version": "0.6.1",
          "resolved": "http://registry.npm.taobao.org/source-map/download/source-map-0.6.1.tgz",
          "integrity": "sha1-dHIq8y6WFOnCh6jQu95IteLxomM="
        }
      }
    },
    "strip-bom": {
      "version": "3.0.0",
      "resolved": "http://registry.npm.taobao.org/strip-bom/download/strip-bom-3.0.0.tgz",
      "integrity": "sha1-IzTBjpx1n3vdVv3vfprj1YjmjtM="
    },
    "supports-color": {
      "version": "5.5.0",
      "resolved": "http://registry.npm.taobao.org/supports-color/download/supports-color-5.5.0.tgz",
      "integrity": "sha1-4uaaRKyHcveKHsCzW2id9lMO/I8=",
      "requires": {
        "has-flag": "^3.0.0"
      }
    },
    "to-fast-properties": {
      "version": "2.0.0",
      "resolved": "http://registry.npm.taobao.org/to-fast-properties/download/to-fast-properties-2.0.0.tgz",
      "integrity": "sha1-3F5pjL0HkmW8c+A3doGk5Og/YW4="
    },
    "trim-right": {
      "version": "1.0.1",
      "resolved": "http://registry.npm.taobao.org/trim-right/download/trim-right-1.0.1.tgz",
      "integrity": "sha1-yy4SAwZ+DI3h9hQJS5/kVwTqYAM="
    },
    "ts-node": {
      "version": "7.0.1",
      "resolved": "http://registry.npm.taobao.org/ts-node/download/ts-node-7.0.1.tgz",
      "integrity": "sha1-lWLcLR5tJI0kvFX3c+P2FDN9m68=",
      "requires": {
        "arrify": "^1.0.0",
        "buffer-from": "^1.1.0",
        "diff": "^3.1.0",
        "make-error": "^1.1.1",
        "minimist": "^1.2.0",
        "mkdirp": "^0.5.1",
        "source-map-support": "^0.5.6",
        "yn": "^2.0.0"
      }
    },
    "tsconfig-paths": {
      "version": "3.5.0",
      "resolved": "http://registry.npm.taobao.org/tsconfig-paths/download/tsconfig-paths-3.5.0.tgz",
      "integrity": "sha1-pEfHch5JKBr5c0PZqFCGTpSaC1E=",
      "requires": {
        "@types/json5": "^0.0.29",
        "deepmerge": "^2.0.1",
        "json5": "^1.0.1",
        "minimist": "^1.2.0",
        "strip-bom": "^3.0.0"
      },
      "dependencies": {
        "json5": {
          "version": "1.0.1",
          "resolved": "http://registry.npm.taobao.org/json5/download/json5-1.0.1.tgz",
          "integrity": "sha1-d5+wAYYE+oVOrL9iUhgNg1Q+Pb4=",
          "requires": {
            "minimist": "^1.2.0"
          }
        }
      }
    },
    "yn": {
      "version": "2.0.0",
      "resolved": "http://registry.npm.taobao.org/yn/download/yn-2.0.0.tgz",
      "integrity": "sha1-5a2ryKz0CPY4X8dklWhMiOavaJo="
    }
  }
}
